// !$*UTF8*$!
{
	archiveVersion = 1;
	classes = {
	};
	objectVersion = 46;
	objects = {

/* Begin PBXBuildFile section */
		6B5DE3C41BF66AF500CC7F99 /* iAd.framework in Frameworks */ = {isa = PBXBuildFile; fileRef = 6B5DE3C31BF66AF500CC7F99 /* iAd.framework */; };
		6BF621D41BEBE8FD00CAABC0 /* AppDelegate.swift in Sources */ = {isa = PBXBuildFile; fileRef = 6BF621D31BEBE8FD00CAABC0 /* AppDelegate.swift */; };
		6BF621D61BEBE8FD00CAABC0 /* GameScene.sks in Resources */ = {isa = PBXBuildFile; fileRef = 6BF621D51BEBE8FD00CAABC0 /* GameScene.sks */; };
		6BF621D81BEBE8FD00CAABC0 /* GameScene.swift in Sources */ = {isa = PBXBuildFile; fileRef = 6BF621D71BEBE8FD00CAABC0 /* GameScene.swift */; };
		6BF621DA1BEBE8FD00CAABC0 /* GameViewController.swift in Sources */ = {isa = PBXBuildFile; fileRef = 6BF621D91BEBE8FD00CAABC0 /* GameViewController.swift */; };
		6BF621DD1BEBE8FD00CAABC0 /* Main.storyboard in Resources */ = {isa = PBXBuildFile; fileRef = 6BF621DB1BEBE8FD00CAABC0 /* Main.storyboard */; };
		6BF621DF1BEBE8FD00CAABC0 /* Assets.xcassets in Resources */ = {isa = PBXBuildFile; fileRef = 6BF621DE1BEBE8FD00CAABC0 /* Assets.xcassets */; };
		6BF621E21BEBE8FD00CAABC0 /* LaunchScreen.storyboard in Resources */ = {isa = PBXBuildFile; fileRef = 6BF621E01BEBE8FD00CAABC0 /* LaunchScreen.storyboard */; };
/* End PBXBuildFile section */

/* Begin PBXFileReference section */
		6B5DE3C31BF66AF500CC7F99 /* iAd.framework */ = {isa = PBXFileReference; lastKnownFileType = wrapper.framework; name = iAd.framework; path = System/Library/Frameworks/iAd.framework; sourceTree = SDKROOT; };
		6BF621D01BEBE8FD00CAABC0 /* AwesomeGame.app */ = {isa = PBXFileReference; explicitFileType = wrapper.application; includeInIndex = 0; path = AwesomeGame.app; sourceTree = BUILT_PRODUCTS_DIR; };
		6BF621D31BEBE8FD00CAABC0 /* AppDelegate.swift */ = {isa = PBXFileReference; lastKnownFileType = sourcecode.swift; path = AppDelegate.swift; sourceTree = "<group>"; };
		6BF621D51BEBE8FD00CAABC0 /* GameScene.sks */ = {isa = PBXFileReference; lastKnownFileType = file.sks; path = GameScene.sks; sourceTree = "<group>"; };
		6BF621D71BEBE8FD00CAABC0 /* GameScene.swift */ = {isa = PBXFileReference; lastKnownFileType = sourcecode.swift; path = GameScene.swift; sourceTree = "<group>"; };
		6BF621D91BEBE8FD00CAABC0 /* GameViewController.swift */ = {isa = PBXFileReference; lastKnownFileType = sourcecode.swift; path = GameViewController.swift; sourceTree = "<group>"; };
		6BF621DC1BEBE8FD00CAABC0 /* Base */ = {isa = PBXFileReference; lastKnownFileType = file.storyboard; name = Base; path = Base.lproj/Main.storyboard; sourceTree = "<group>"; };
		6BF621DE1BEBE8FD00CAABC0 /* Assets.xcassets */ = {isa = PBXFileReference; lastKnownFileType = folder.assetcatalog; path = Assets.xcassets; sourceTree = "<group>"; };
		6BF621E11BEBE8FD00CAABC0 /* Base */ = {isa = PBXFileReference; lastKnownFileType = file.storyboard; name = Base; path = Base.lproj/LaunchScreen.storyboard; sourceTree = "<group>"; };
		6BF621E31BEBE8FD00CAABC0 /* Info.plist */ = {isa = PBXFileReference; lastKnownFileType = text.plist.xml; path = Info.plist; sourceTree = "<group>"; };
/* End PBXFileReference section */

/* Begin PBXFrameworksBuildPhase section */
		6BF621CD1BEBE8FD00CAABC0 /* Frameworks */ = {
			isa = PBXFrameworksBuildPhase;
			buildActionMask = 2147483647;
			files = (
				6B5DE3C41BF66AF500CC7F99 /* iAd.framework in Frameworks */,
			);
			runOnlyForDeploymentPostprocessing = 0;
		};
/* End PBXFrameworksBuildPhase section */

/* Begin PBXGroup section */
		6BF621C71BEBE8FD00CAABC0 = {
			isa = PBXGroup;
			children = (
				6B5DE3C31BF66AF500CC7F99 /* iAd.framework */,
				6BF621D21BEBE8FD00CAABC0 /* AwesomeGame */,
				6BF621D11BEBE8FD00CAABC0 /* Products */,
			);
			sourceTree = "<group>";
		};
		6BF621D11BEBE8FD00CAABC0 /* Products */ = {
			isa = PBXGroup;
			children = (
				6BF621D01BEBE8FD00CAABC0 /* AwesomeGame.app */,
			);
			name = Products;
			sourceTree = "<group>";
		};
		6BF621D21BEBE8FD00CAABC0 /* AwesomeGame */ = {
			isa = PBXGroup;
			children = (
				6BF621D31BEBE8FD00CAABC0 /* AppDelegate.swift */,
				6BF621D51BEBE8FD00CAABC0 /* GameScene.sks */,
				6BF621D71BEBE8FD00CAABC0 /* GameScene.swift */,
				6BF621D91BEBE8FD00CAABC0 /* GameViewController.swift */,
				6BF621DB1BEBE8FD00CAABC0 /* Main.storyboard */,
				6BF621DE1BEBE8FD00CAABC0 /* Assets.xcassets */,
				6BF621E01BEBE8FD00CAABC0 /* LaunchScreen.storyboard */,
				6BF621E31BEBE8FD00CAABC0 /* Info.plist */,
			);
			path = AwesomeGame;
			sourceTree = "<group>";
		};
/* End PBXGroup section */

/* Begin PBXNativeTarget section */
		6BF621CF1BEBE8FD00CAABC0 /* AwesomeGame */ = {
			isa = PBXNativeTarget;
			buildConfigurationList = 6BF621E61BEBE8FD00CAABC0 /* Build configuration list for PBXNativeTarget "AwesomeGame" */;
			buildPhases = (
				6BF621CC1BEBE8FD00CAABC0 /* Sources */,
				6BF621CD1BEBE8FD00CAABC0 /* Frameworks */,
				6BF621CE1BEBE8FD00CAABC0 /* Resources */,
			);
			buildRules = (
			);
			dependencies = (
			);
			name = AwesomeGame;
			productName = AwesomeGame;
			productReference = 6BF621D01BEBE8FD00CAABC0 /* AwesomeGame.app */;
			productType = "com.apple.product-type.application";
		};
/* End PBXNativeTarget section */

/* Begin PBXProject section */
		6BF621C81BEBE8FD00CAABC0 /* Project object */ = {
			isa = PBXProject;
			attributes = {
				LastUpgradeCheck = 0710;
				ORGANIZATIONNAME = "Eric Schulz";
				TargetAttributes = {
					6BF621CF1BEBE8FD00CAABC0 = {
						CreatedOnToolsVersion = 7.1;
					};
				};
			};
			buildConfigurationList = 6BF621CB1BEBE8FD00CAABC0 /* Build configuration list for PBXProject "AwesomeGame" */;
			compatibilityVersion = "Xcode 3.2";
			developmentRegion = English;
			hasScannedForEncodings = 0;
			knownRegions = (
				en,
				Base,
			);
			mainGroup = 6BF621C71BEBE8FD00CAABC0;
			productRefGroup = 6BF621D11BEBE8FD00CAABC0 /* Products */;
			projectDirPath = "";
			projectRoot = "";
			targets = (
				6BF621CF1BEBE8FD00CAABC0 /* AwesomeGame */,
			);
		};
/* End PBXProject section */

/* Begin PBXResourcesBuildPhase section */
		6BF621CE1BEBE8FD00CAABC0 /* Resources */ = {
			isa = PBXResourcesBuildPhase;
			buildActionMask = 2147483647;
			files = (
				6BF621D61BEBE8FD00CAABC0 /* GameScene.sks in Resources */,
				6BF621E21BEBE8FD00CAABC0 /* LaunchScreen.storyboard in Resources */,
				6BF621DF1BEBE8FD00CAABC0 /* Assets.xcassets in Resources */,
				6BF621DD1BEBE8FD00CAABC0 /* Main.storyboard in Resources */,
			);
			runOnlyForDeploymentPostprocessing = 0;
		};
/* End PBXResourcesBuildPhase section */

/* Begin PBXSourcesBuildPhase section */
		6BF621CC1BEBE8FD00CAABC0 /* Sources */ = {
			isa = PBXSourcesBuildPhase;
			buildActionMask = 2147483647;
			files = (
				6BF621D81BEBE8FD00CAABC0 /* GameScene.swift in Sources */,
				6BF621DA1BEBE8FD00CAABC0 /* GameViewController.swift in Sources */,
				6BF621D41BEBE8FD00CAABC0 /* AppDelegate.swift in Sources */,
			);
			runOnlyForDeploymentPostprocessing = 0;
		};
/* End PBXSourcesBuildPhase section */

/* Begin PBXVariantGroup section */
		6BF621DB1BEBE8FD00CAABC0 /* Main.storyboard */ = {
			isa = PBXVariantGroup;
			children = (
				6BF621DC1BEBE8FD00CAABC0 /* Base */,
			);
			name = Main.storyboard;
			sourceTree = "<group>";
		};
		6BF621E01BEBE8FD00CAABC0 /* LaunchScreen.storyboard */ = {
			isa = PBXVariantGroup;
			children = (
				6BF621E11BEBE8FD00CAABC0 /* Base */,
			);
			name = LaunchScreen.storyboard;
			sourceTree = "<group>";
		};
/* End PBXVariantGroup section */

/* Begin XCBuildConfiguration section */
		6BF621E41BEBE8FD00CAABC0 /* Debug */ = {
			isa = XCBuildConfiguration;
			buildSettings = {
				ALWAYS_SEARCH_USER_PATHS = NO;
				CLANG_CXX_LANGUAGE_STANDARD = "gnu++0x";
				CLANG_CXX_LIBRARY = "libc++";
				CLANG_ENABLE_MODULES = YES;
				CLANG_ENABLE_OBJC_ARC = YES;
				CLANG_WARN_BOOL_CONVERSION = YES;
				CLANG_WARN_CONSTANT_CONVERSION = YES;
				CLANG_WARN_DIRECT_OBJC_ISA_USAGE = YES_ERROR;
				CLANG_WARN_EMPTY_BODY = YES;
				CLANG_WARN_ENUM_CONVERSION = YES;
				CLANG_WARN_INT_CONVERSION = YES;
				CLANG_WARN_OBJC_ROOT_CLASS = YES_ERROR;
				CLANG_WARN_UNREACHABLE_CODE = YES;
				CLANG_WARN__DUPLICATE_METHOD_MATCH = YES;
				"CODE_SIGN_IDENTITY[sdk=iphoneos*]" = "iPhone Developer";
				COPY_PHASE_STRIP = NO;
				DEBUG_INFORMATION_FORMAT = "dwarf-with-dsym";
				ENABLE_STRICT_OBJC_MSGSEND = YES;
				ENABLE_TESTABILITY = YES;
				GCC_C_LANGUAGE_STANDARD = gnu99;
				GCC_DYNAMIC_NO_PIC = NO;
				GCC_NO_COMMON_BLOCKS = YES;
				GCC_OPTIMIZATION_LEVEL = 0;
				GCC_PREPROCESSOR_DEFINITIONS = (
					"DEBUG=1",
					"$(inherited)",
				);
				GCC_WARN_64_TO_32_BIT_CONVERSION = YES;
				GCC_WARN_ABOUT_RETURN_TYPE = YES_ERROR;
				GCC_WARN_UNDECLARED_SELECTOR = YES;
				GCC_WARN_UNINITIALIZED_AUTOS = YES_AGGRESSIVE;
				GCC_WARN_UNUSED_FUNCTION = YES;
				GCC_WARN_UNUSED_VARIABLE = YES;
				IPHONEOS_DEPLOYMENT_TARGET = 9.1;
				MTL_ENABLE_DEBUG_INFO = YES;
				ONLY_ACTIVE_ARCH = YES;
				SDKROOT = iphoneos;
				SWIFT_OPTIMIZATION_LEVEL = "-Onone";
			};
			name = Debug;
		};
		6BF621E51BEBE8FD00CAABC0 /* Release */ = {
			isa = XCBuildConfiguration;
			buildSettings = {
				ALWAYS_SEARCH_USER_PATHS = NO;
				CLANG_CXX_LANGUAGE_STANDARD = "gnu++0x";
				CLANG_CXX_LIBRARY = "libc++";
				CLANG_ENABLE_MODULES = YES;
				CLANG_ENABLE_OBJC_ARC = YES;
				CLANG_WARN_BOOL_CONVERSION = YES;
				CLANG_WARN_CONSTANT_CONVERSION = YES;
				CLANG_WARN_DIRECT_OBJC_ISA_USAGE = YES_ERROR;
				CLANG_WARN_EMPTY_BODY = YES;
				CLANG_WARN_ENUM_CONVERSION = YES;
				CLANG_WARN_INT_CONVERSION = YES;
				CLANG_WARN_OBJC_ROOT_CLASS = YES_ERROR;
				CLANG_WARN_UNREACHABLE_CODE = YES;
				CLANG_WARN__DUPLICATE_METHOD_MATCH = YES;
				"CODE_SIGN_IDENTITY[sdk=iphoneos*]" = "iPhone Developer";
				COPY_PHASE_STRIP = NO;
				DEBUG_INFORMATION_FORMAT = "dwarf-with-dsym";
				ENABLE_NS_ASSERTIONS = NO;
				ENABLE_STRICT_OBJC_MSGSEND = YES;
				GCC_C_LANGUAGE_STANDARD = gnu99;
				GCC_NO_COMMON_BLOCKS = YES;
				GCC_WARN_64_TO_32_BIT_CONVERSION = YES;
				GCC_WARN_ABOUT_RETURN_TYPE = YES_ERROR;
				GCC_WARN_UNDECLARED_SELECTOR = YES;
				GCC_WARN_UNINITIALIZED_AUTOS = YES_AGGRESSIVE;
				GCC_WARN_UNUSED_FUNCTION = YES;
				GCC_WARN_UNUSED_VARIABLE = YES;
				IPHONEOS_DEPLOYMENT_TARGET = 9.1;
				MTL_ENABLE_DEBUG_INFO = NO;
				SDKROOT = iphoneos;
				VALIDATE_PRODUCT = YES;
			};
			name = Release;
		};
		6BF621E71BEBE8FD00CAABC0 /* Debug */ = {
			isa = XCBuildConfiguration;
			buildSettings = {
				ASSETCATALOG_COMPILER_APPICON_NAME = AppIcon;
				INFOPLIST_FILE = AwesomeGame/Info.plist;
				LD_RUNPATH_SEARCH_PATHS = "$(inherited) @executable_path/Frameworks";
				PRODUCT_BUNDLE_IDENTIFIER = com.ericschulz.AwesomeGame;
				PRODUCT_NAME = "$(TARGET_NAME)";
			};
			name = Debug;
		};
		6BF621E81BEBE8FD00CAABC0 /* Release */ = {
			isa = XCBuildConfiguration;
			buildSettings = {
				ASSETCATALOG_COMPILER_APPICON_NAME = AppIcon;
				INFOPLIST_FILE = AwesomeGame/Info.plist;
				LD_RUNPATH_SEARCH_PATHS = "$(inherited) @executable_path/Frameworks";
				PRODUCT_BUNDLE_IDENTIFIER = com.ericschulz.AwesomeGame;
				PRODUCT_NAME = "$(TARGET_NAME)";
			};
			name = Release;
		};
/* End XCBuildConfiguration section */

/* Begin XCConfigurationList section */
		6BF621CB1BEBE8FD00CAABC0 /* Build configuration list for PBXProject "AwesomeGame" */ = {
			isa = XCConfigurationList;
			buildConfigurations = (
				6BF621E41BEBE8FD00CAABC0 /* Debug */,
				6BF621E51BEBE8FD00CAABC0 /* Release */,
			);
			defaultConfigurationIsVisible = 0;
			defaultConfigurationName = Release;
		};
		6BF621E61BEBE8FD00CAABC0 /* Build configuration list for PBXNativeTarget "AwesomeGame" */ = {
			isa = XCConfigurationList;
			buildConfigurations = (
				6BF621E71BEBE8FD00CAABC0 /* Debug */,
				6BF621E81BEBE8FD00CAABC0 /* Release */,
			);
			defaultConfigurationIsVisible = 0;
			defaultConfigurationName = Release;
		};
/* End XCConfigurationList section */
	};
	rootObject = 6BF621C81BEBE8FD00CAABC0 /* Project object */;
}
